
Microsoft Visual Studio Solution File, Format Version 12.00
# Visual Studio 15
VisualStudioVersion = 15.0.26403.0
MinimumVisualStudioVersion = 10.0.40219.1
Project("{2150E333-8FDC-42A3-9474-1A3956D46DE8}") = "SingleResponsibility", "SingleResponsibility", "{5EC39373-3FB8-46EA-AA99-AEF72F919794}"
EndProject
Project("{2150E333-8FDC-42A3-9474-1A3956D46DE8}") = "LiskovSubstitution", "LiskovSubstitution", "{86B3077A-0339-49D0-B871-6AD76353092E}"
EndProject
Project("{FAE04EC0-301F-11D3-BF4B-00C04F79EFBC}") = "SingleResponsibility.Lab", "SingleResponsibility.Lab\SingleResponsibility.Lab.csproj", "{B7EC7763-E5AB-4A7B-85F9-F5FF0505FC24}"
EndProject
Project("{2150E333-8FDC-42A3-9474-1A3956D46DE8}") = "OpenAndClosed", "OpenAndClosed", "{29D87CB2-3B2D-4DDB-9714-8A1313D90EB2}"
EndProject
Project("{2150E333-8FDC-42A3-9474-1A3956D46DE8}") = "InterfaceSegrigation", "InterfaceSegrigation", "{E5BAF715-1E2B-4B9B-8465-D1572ECA0643}"
EndProject
Project("{2150E333-8FDC-42A3-9474-1A3956D46DE8}") = "DependencyInversion", "DependencyInversion", "{25C43309-5576-4F23-8A42-E2B46EA65D5E}"
EndProject
Project("{FAE04EC0-301F-11D3-BF4B-00C04F79EFBC}") = "OpenAndClose.Lab", "OpenAndClose.Lab\OpenAndClose.Lab.csproj", "{609C49AF-96E9-4954-9F59-EE0284C47757}"
EndProject
Project("{FAE04EC0-301F-11D3-BF4B-00C04F79EFBC}") = "InterfaceSegrigation.Lab", "LiskovSubstitution.Lab\InterfaceSegrigation.Lab.csproj", "{9F17321B-814A-4435-B39E-1F8A1B8A6FDF}"
EndProject
Project("{FAE04EC0-301F-11D3-BF4B-00C04F79EFBC}") = "DependencyInversion.Lab", "DependencyInversion.Lab\DependencyInversion.Lab.csproj", "{99DA541B-B53D-4B93-9B23-2ADC1DED7D52}"
EndProject
Project("{FAE04EC0-301F-11D3-BF4B-00C04F79EFBC}") = "IOC_Through_Code", "IOC_Through_Code\IOC_Through_Code.csproj", "{02F64EAA-54F6-4A15-B088-2D9BA59559D4}"
EndProject
Project("{2150E333-8FDC-42A3-9474-1A3956D46DE8}") = "DesignPrinciples_Lab", "DesignPrinciples_Lab", "{D639D959-E670-4B0E-A493-0E42FD8E48D7}"
EndProject
Project("{2150E333-8FDC-42A3-9474-1A3956D46DE8}") = "DesignPattrenLab", "DesignPattrenLab", "{E8EC02A3-55BC-4219-A901-1C3FAD317A09}"
EndProject
Project("{2150E333-8FDC-42A3-9474-1A3956D46DE8}") = "ChainOfResponsibility", "ChainOfResponsibility", "{F2A02656-4A8E-4AB7-9664-2FC53BC40494}"
EndProject
Project("{2150E333-8FDC-42A3-9474-1A3956D46DE8}") = "Singleton", "Singleton", "{E4E31376-5890-4085-8B33-3F2131EE80CD}"
EndProject
Project("{2150E333-8FDC-42A3-9474-1A3956D46DE8}") = "Factory", "Factory", "{F2EF83C0-F892-44DA-99EE-E3B3E333A50A}"
EndProject
Project("{2150E333-8FDC-42A3-9474-1A3956D46DE8}") = "Template", "Template", "{52CDFB17-3085-4CE1-ACFA-AA33D288E2D9}"
EndProject
Project("{2150E333-8FDC-42A3-9474-1A3956D46DE8}") = "Facade", "Facade", "{30F4B949-82C0-478E-94D1-C04D4B81C6DF}"
EndProject
Project("{2150E333-8FDC-42A3-9474-1A3956D46DE8}") = "CreationalDP", "CreationalDP", "{7AC3F900-0BA7-410F-880D-0ACAAD485B1C}"
EndProject
Project("{2150E333-8FDC-42A3-9474-1A3956D46DE8}") = "Structural", "Structural", "{F02CAAC1-F4F6-4238-B7B0-8BA0B3F9B92D}"
EndProject
Project("{2150E333-8FDC-42A3-9474-1A3956D46DE8}") = "Behaviour", "Behaviour", "{4ED84AB9-8194-4037-A4E1-A54D84D74D46}"
EndProject
Project("{2150E333-8FDC-42A3-9474-1A3956D46DE8}") = "Adapter", "Adapter", "{2E2249F9-675F-4EF5-8CF2-5A6B0DFC8183}"
EndProject
Project("{2150E333-8FDC-42A3-9474-1A3956D46DE8}") = "Stratgy", "Stratgy", "{A8FE3CE6-D7D7-4073-95D0-E97B4245D046}"
EndProject
Project("{2150E333-8FDC-42A3-9474-1A3956D46DE8}") = "AbstractFactory", "AbstractFactory", "{0DDAF2D8-3511-4DCF-AFB6-032AEBF7F797}"
EndProject
Project("{FAE04EC0-301F-11D3-BF4B-00C04F79EFBC}") = "COR_EX", "COR_EX\COR_EX.csproj", "{A96FD41A-1C89-4826-9E22-A238E5B44D7C}"
EndProject
Project("{2150E333-8FDC-42A3-9474-1A3956D46DE8}") = "Other", "Other", "{2149F267-21F9-4DD5-BC75-1EFBAC6F5A71}"
EndProject
Project("{2150E333-8FDC-42A3-9474-1A3956D46DE8}") = "Specification_pattren", "Specification_pattren", "{7163745A-9FBD-4520-A1F6-D4D12CCA69A6}"
EndProject
Project("{FAE04EC0-301F-11D3-BF4B-00C04F79EFBC}") = "Specification_Pattren_EX", "Specification_Pattren_EX\Specification_Pattren_EX.csproj", "{A951FEB7-3C5F-4E53-9FD4-E1F3CBE38AB8}"
EndProject
Project("{FAE04EC0-301F-11D3-BF4B-00C04F79EFBC}") = "FactoryPattren.Lab", "FactoryPattren.Lab\FactoryPattren.Lab\FactoryPattren.Lab.csproj", "{A7F42C79-AD50-4C30-BE2B-8B0CA14A1873}"
EndProject
Project("{FAE04EC0-301F-11D3-BF4B-00C04F79EFBC}") = "FactoryPattrenWithReference", "FactoryPattren.Lab\FactoryPattrenWithReference\FactoryPattrenWithReference.csproj", "{283AEE5B-47C8-4D36-A89B-991485354741}"
EndProject
Project("{FAE04EC0-301F-11D3-BF4B-00C04F79EFBC}") = "Singleton_Lab", "Singleton_Lab\Singleton_Lab.csproj", "{E5724B8F-41E6-4097-BE7B-D45A424D139C}"
EndProject
Project("{FAE04EC0-301F-11D3-BF4B-00C04F79EFBC}") = "TemplateLab", "TemplateLab\TemplateLab.csproj", "{69128EF5-D3D1-426A-BF18-12B3B0BA94AA}"
EndProject
Project("{2150E333-8FDC-42A3-9474-1A3956D46DE8}") = "RepositoryPattren", "RepositoryPattren", "{F6F1EE31-FBCA-4F0F-997E-0054CCE5822E}"
EndProject
Project("{FAE04EC0-301F-11D3-BF4B-00C04F79EFBC}") = "RespositoryPattrenLabSwitch", "RespositoryPattrenLabSwitch\RespositoryPattrenLabSwitch.csproj", "{EB9CB396-F07B-4EF6-910F-247CE74856D9}"
EndProject
Project("{FAE04EC0-301F-11D3-BF4B-00C04F79EFBC}") = "RepositotyPattrenWithOracle", "RepositotyPattrenWithOracle\RepositotyPattrenWithOracle.csproj", "{CF03E8C4-6522-4246-83B5-81C19442CC6C}"
EndProject
Project("{2150E333-8FDC-42A3-9474-1A3956D46DE8}") = "Command", "Command", "{0EE22D08-F558-4C3B-AC66-1136BBEAE83B}"
EndProject
Project("{FAE04EC0-301F-11D3-BF4B-00C04F79EFBC}") = "CommandWithOrder", "CommandWithOrder\CommandWithOrder.csproj", "{2F8BF918-34F3-44D1-8615-E5619FD540CD}"
EndProject
Global
	GlobalSection(SolutionConfigurationPlatforms) = preSolution
		Debug|Any CPU = Debug|Any CPU
		Release|Any CPU = Release|Any CPU
	EndGlobalSection
	GlobalSection(ProjectConfigurationPlatforms) = postSolution
		{B7EC7763-E5AB-4A7B-85F9-F5FF0505FC24}.Debug|Any CPU.ActiveCfg = Debug|Any CPU
		{B7EC7763-E5AB-4A7B-85F9-F5FF0505FC24}.Debug|Any CPU.Build.0 = Debug|Any CPU
		{B7EC7763-E5AB-4A7B-85F9-F5FF0505FC24}.Release|Any CPU.ActiveCfg = Release|Any CPU
		{B7EC7763-E5AB-4A7B-85F9-F5FF0505FC24}.Release|Any CPU.Build.0 = Release|Any CPU
		{609C49AF-96E9-4954-9F59-EE0284C47757}.Debug|Any CPU.ActiveCfg = Debug|Any CPU
		{609C49AF-96E9-4954-9F59-EE0284C47757}.Debug|Any CPU.Build.0 = Debug|Any CPU
		{609C49AF-96E9-4954-9F59-EE0284C47757}.Release|Any CPU.ActiveCfg = Release|Any CPU
		{609C49AF-96E9-4954-9F59-EE0284C47757}.Release|Any CPU.Build.0 = Release|Any CPU
		{9F17321B-814A-4435-B39E-1F8A1B8A6FDF}.Debug|Any CPU.ActiveCfg = Debug|Any CPU
		{9F17321B-814A-4435-B39E-1F8A1B8A6FDF}.Debug|Any CPU.Build.0 = Debug|Any CPU
		{9F17321B-814A-4435-B39E-1F8A1B8A6FDF}.Release|Any CPU.ActiveCfg = Release|Any CPU
		{9F17321B-814A-4435-B39E-1F8A1B8A6FDF}.Release|Any CPU.Build.0 = Release|Any CPU
		{99DA541B-B53D-4B93-9B23-2ADC1DED7D52}.Debug|Any CPU.ActiveCfg = Debug|Any CPU
		{99DA541B-B53D-4B93-9B23-2ADC1DED7D52}.Debug|Any CPU.Build.0 = Debug|Any CPU
		{99DA541B-B53D-4B93-9B23-2ADC1DED7D52}.Release|Any CPU.ActiveCfg = Release|Any CPU
		{99DA541B-B53D-4B93-9B23-2ADC1DED7D52}.Release|Any CPU.Build.0 = Release|Any CPU
		{02F64EAA-54F6-4A15-B088-2D9BA59559D4}.Debug|Any CPU.ActiveCfg = Debug|Any CPU
		{02F64EAA-54F6-4A15-B088-2D9BA59559D4}.Debug|Any CPU.Build.0 = Debug|Any CPU
		{02F64EAA-54F6-4A15-B088-2D9BA59559D4}.Release|Any CPU.ActiveCfg = Release|Any CPU
		{02F64EAA-54F6-4A15-B088-2D9BA59559D4}.Release|Any CPU.Build.0 = Release|Any CPU
		{A96FD41A-1C89-4826-9E22-A238E5B44D7C}.Debug|Any CPU.ActiveCfg = Debug|Any CPU
		{A96FD41A-1C89-4826-9E22-A238E5B44D7C}.Debug|Any CPU.Build.0 = Debug|Any CPU
		{A96FD41A-1C89-4826-9E22-A238E5B44D7C}.Release|Any CPU.ActiveCfg = Release|Any CPU
		{A96FD41A-1C89-4826-9E22-A238E5B44D7C}.Release|Any CPU.Build.0 = Release|Any CPU
		{A951FEB7-3C5F-4E53-9FD4-E1F3CBE38AB8}.Debug|Any CPU.ActiveCfg = Debug|Any CPU
		{A951FEB7-3C5F-4E53-9FD4-E1F3CBE38AB8}.Debug|Any CPU.Build.0 = Debug|Any CPU
		{A951FEB7-3C5F-4E53-9FD4-E1F3CBE38AB8}.Release|Any CPU.ActiveCfg = Release|Any CPU
		{A951FEB7-3C5F-4E53-9FD4-E1F3CBE38AB8}.Release|Any CPU.Build.0 = Release|Any CPU
		{A7F42C79-AD50-4C30-BE2B-8B0CA14A1873}.Debug|Any CPU.ActiveCfg = Debug|Any CPU
		{A7F42C79-AD50-4C30-BE2B-8B0CA14A1873}.Debug|Any CPU.Build.0 = Debug|Any CPU
		{A7F42C79-AD50-4C30-BE2B-8B0CA14A1873}.Release|Any CPU.ActiveCfg = Release|Any CPU
		{A7F42C79-AD50-4C30-BE2B-8B0CA14A1873}.Release|Any CPU.Build.0 = Release|Any CPU
		{283AEE5B-47C8-4D36-A89B-991485354741}.Debug|Any CPU.ActiveCfg = Debug|Any CPU
		{283AEE5B-47C8-4D36-A89B-991485354741}.Debug|Any CPU.Build.0 = Debug|Any CPU
		{283AEE5B-47C8-4D36-A89B-991485354741}.Release|Any CPU.ActiveCfg = Release|Any CPU
		{283AEE5B-47C8-4D36-A89B-991485354741}.Release|Any CPU.Build.0 = Release|Any CPU
		{E5724B8F-41E6-4097-BE7B-D45A424D139C}.Debug|Any CPU.ActiveCfg = Debug|Any CPU
		{E5724B8F-41E6-4097-BE7B-D45A424D139C}.Debug|Any CPU.Build.0 = Debug|Any CPU
		{E5724B8F-41E6-4097-BE7B-D45A424D139C}.Release|Any CPU.ActiveCfg = Release|Any CPU
		{E5724B8F-41E6-4097-BE7B-D45A424D139C}.Release|Any CPU.Build.0 = Release|Any CPU
		{69128EF5-D3D1-426A-BF18-12B3B0BA94AA}.Debug|Any CPU.ActiveCfg = Debug|Any CPU
		{69128EF5-D3D1-426A-BF18-12B3B0BA94AA}.Debug|Any CPU.Build.0 = Debug|Any CPU
		{69128EF5-D3D1-426A-BF18-12B3B0BA94AA}.Release|Any CPU.ActiveCfg = Release|Any CPU
		{69128EF5-D3D1-426A-BF18-12B3B0BA94AA}.Release|Any CPU.Build.0 = Release|Any CPU
		{EB9CB396-F07B-4EF6-910F-247CE74856D9}.Debug|Any CPU.ActiveCfg = Debug|Any CPU
		{EB9CB396-F07B-4EF6-910F-247CE74856D9}.Debug|Any CPU.Build.0 = Debug|Any CPU
		{EB9CB396-F07B-4EF6-910F-247CE74856D9}.Release|Any CPU.ActiveCfg = Release|Any CPU
		{EB9CB396-F07B-4EF6-910F-247CE74856D9}.Release|Any CPU.Build.0 = Release|Any CPU
		{CF03E8C4-6522-4246-83B5-81C19442CC6C}.Debug|Any CPU.ActiveCfg = Debug|Any CPU
		{CF03E8C4-6522-4246-83B5-81C19442CC6C}.Debug|Any CPU.Build.0 = Debug|Any CPU
		{CF03E8C4-6522-4246-83B5-81C19442CC6C}.Release|Any CPU.ActiveCfg = Release|Any CPU
		{CF03E8C4-6522-4246-83B5-81C19442CC6C}.Release|Any CPU.Build.0 = Release|Any CPU
		{2F8BF918-34F3-44D1-8615-E5619FD540CD}.Debug|Any CPU.ActiveCfg = Debug|Any CPU
		{2F8BF918-34F3-44D1-8615-E5619FD540CD}.Debug|Any CPU.Build.0 = Debug|Any CPU
		{2F8BF918-34F3-44D1-8615-E5619FD540CD}.Release|Any CPU.ActiveCfg = Release|Any CPU
		{2F8BF918-34F3-44D1-8615-E5619FD540CD}.Release|Any CPU.Build.0 = Release|Any CPU
	EndGlobalSection
	GlobalSection(SolutionProperties) = preSolution
		HideSolutionNode = FALSE
	EndGlobalSection
	GlobalSection(NestedProjects) = preSolution
		{B7EC7763-E5AB-4A7B-85F9-F5FF0505FC24} = {5EC39373-3FB8-46EA-AA99-AEF72F919794}
		{609C49AF-96E9-4954-9F59-EE0284C47757} = {29D87CB2-3B2D-4DDB-9714-8A1313D90EB2}
		{9F17321B-814A-4435-B39E-1F8A1B8A6FDF} = {E5BAF715-1E2B-4B9B-8465-D1572ECA0643}
		{99DA541B-B53D-4B93-9B23-2ADC1DED7D52} = {25C43309-5576-4F23-8A42-E2B46EA65D5E}
		{F2A02656-4A8E-4AB7-9664-2FC53BC40494} = {4ED84AB9-8194-4037-A4E1-A54D84D74D46}
		{E4E31376-5890-4085-8B33-3F2131EE80CD} = {7AC3F900-0BA7-410F-880D-0ACAAD485B1C}
		{F2EF83C0-F892-44DA-99EE-E3B3E333A50A} = {7AC3F900-0BA7-410F-880D-0ACAAD485B1C}
		{52CDFB17-3085-4CE1-ACFA-AA33D288E2D9} = {4ED84AB9-8194-4037-A4E1-A54D84D74D46}
		{30F4B949-82C0-478E-94D1-C04D4B81C6DF} = {F02CAAC1-F4F6-4238-B7B0-8BA0B3F9B92D}
		{7AC3F900-0BA7-410F-880D-0ACAAD485B1C} = {E8EC02A3-55BC-4219-A901-1C3FAD317A09}
		{F02CAAC1-F4F6-4238-B7B0-8BA0B3F9B92D} = {E8EC02A3-55BC-4219-A901-1C3FAD317A09}
		{4ED84AB9-8194-4037-A4E1-A54D84D74D46} = {E8EC02A3-55BC-4219-A901-1C3FAD317A09}
		{2E2249F9-675F-4EF5-8CF2-5A6B0DFC8183} = {F02CAAC1-F4F6-4238-B7B0-8BA0B3F9B92D}
		{A8FE3CE6-D7D7-4073-95D0-E97B4245D046} = {4ED84AB9-8194-4037-A4E1-A54D84D74D46}
		{0DDAF2D8-3511-4DCF-AFB6-032AEBF7F797} = {7AC3F900-0BA7-410F-880D-0ACAAD485B1C}
		{A96FD41A-1C89-4826-9E22-A238E5B44D7C} = {F2A02656-4A8E-4AB7-9664-2FC53BC40494}
		{2149F267-21F9-4DD5-BC75-1EFBAC6F5A71} = {E8EC02A3-55BC-4219-A901-1C3FAD317A09}
		{7163745A-9FBD-4520-A1F6-D4D12CCA69A6} = {2149F267-21F9-4DD5-BC75-1EFBAC6F5A71}
		{A951FEB7-3C5F-4E53-9FD4-E1F3CBE38AB8} = {7163745A-9FBD-4520-A1F6-D4D12CCA69A6}
		{A7F42C79-AD50-4C30-BE2B-8B0CA14A1873} = {F2EF83C0-F892-44DA-99EE-E3B3E333A50A}
		{283AEE5B-47C8-4D36-A89B-991485354741} = {F2EF83C0-F892-44DA-99EE-E3B3E333A50A}
		{E5724B8F-41E6-4097-BE7B-D45A424D139C} = {E4E31376-5890-4085-8B33-3F2131EE80CD}
		{69128EF5-D3D1-426A-BF18-12B3B0BA94AA} = {52CDFB17-3085-4CE1-ACFA-AA33D288E2D9}
		{F6F1EE31-FBCA-4F0F-997E-0054CCE5822E} = {2149F267-21F9-4DD5-BC75-1EFBAC6F5A71}
		{EB9CB396-F07B-4EF6-910F-247CE74856D9} = {F6F1EE31-FBCA-4F0F-997E-0054CCE5822E}
		{CF03E8C4-6522-4246-83B5-81C19442CC6C} = {F6F1EE31-FBCA-4F0F-997E-0054CCE5822E}
		{0EE22D08-F558-4C3B-AC66-1136BBEAE83B} = {4ED84AB9-8194-4037-A4E1-A54D84D74D46}
		{2F8BF918-34F3-44D1-8615-E5619FD540CD} = {0EE22D08-F558-4C3B-AC66-1136BBEAE83B}
	EndGlobalSection
	GlobalSection(ExtensibilityGlobals) = postSolution
		SolutionGuid = {F812FB35-CFC0-4192-9860-5A38ADCFDC77}
	EndGlobalSection
EndGlobal
